
Microsoft Visual Studio Solution File, Format Version 12.00
# Visual Studio 14
VisualStudioVersion = 14.0.25420.1
MinimumVisualStudioVersion = 10.0.40219.1
Project("{8BC9CEB8-8B4A-11D0-8D11-00A0C91BC942}") = "Hello World", "Hello World\Hello World.vcxproj", "{D363B9DD-BCE5-40A8-99E3-B97094F804DE}"
EndProject
Project("{8BC9CEB8-8B4A-11D0-8D11-00A0C91BC942}") = "Exercice 3", "Exercice 3\Exercice 3.vcxproj", "{54CA121E-DD7A-4F9E-B822-791EE03F4FD2}"
EndProject
Project("{8BC9CEB8-8B4A-11D0-8D11-00A0C91BC942}") = "Exercice 5", "Exercice 5\Exercice 5.vcxproj", "{DE60E014-B893-4B19-B4A6-109B50403511}"
EndProject
Project("{8BC9CEB8-8B4A-11D0-8D11-00A0C91BC942}") = "Exercice 6", "Exercice 6\Exercice 6.vcxproj", "{5E1B925F-0B5C-4ECA-9121-2A5F7153E822}"
EndProject
Project("{8BC9CEB8-8B4A-11D0-8D11-00A0C91BC942}") = "Exercice 9", "Exercice 9\Exercice 9.vcxproj", "{3D9E666A-74D7-4359-9011-938BB9906D0E}"
EndProject
Project("{8BC9CEB8-8B4A-11D0-8D11-00A0C91BC942}") = "Exercice 1", "Exercice 1\Exercice 1.vcxproj", "{777DD83A-28C3-4FE3-815A-1175B48AED19}"
EndProject
Project("{8BC9CEB8-8B4A-11D0-8D11-00A0C91BC942}") = "Exercice 2", "Exercice 2\Exercice 2.vcxproj", "{02D2D6FA-B775-42E1-BCD6-C28A490BD25F}"
EndProject
Project("{8BC9CEB8-8B4A-11D0-8D11-00A0C91BC942}") = "Exercice 4", "Exercice 4\Exercice 4.vcxproj", "{46B3F041-DD8A-42C1-874A-F5AE6730EA39}"
EndProject
Project("{8BC9CEB8-8B4A-11D0-8D11-00A0C91BC942}") = "Exercice 7", "Exercice 7\Exercice 7.vcxproj", "{4939221B-6B8B-4273-87CB-F9598883E5CA}"
EndProject
Project("{8BC9CEB8-8B4A-11D0-8D11-00A0C91BC942}") = "Exercice 8", "Exercice 8\Exercice 8.vcxproj", "{FAA688CB-244B-40A0-A12C-D24CC995CE89}"
EndProject
Project("{8BC9CEB8-8B4A-11D0-8D11-00A0C91BC942}") = "Exercice 10", "Exercice 10\Exercice 10.vcxproj", "{2DC59140-B8D0-45C2-BEB7-5FE905E4F0D9}"
EndProject
Project("{8BC9CEB8-8B4A-11D0-8D11-00A0C91BC942}") = "Exercice 12", "Exercice 12\Exercice 12.vcxproj", "{606C3ADF-CF89-431F-B099-5978D7CA4931}"
EndProject
Project("{8BC9CEB8-8B4A-11D0-8D11-00A0C91BC942}") = "Exercice 13", "Exercice 13\Exercice 13.vcxproj", "{3167EC1A-5D43-42D7-A2E0-02F6118AD08C}"
EndProject
Project("{8BC9CEB8-8B4A-11D0-8D11-00A0C91BC942}") = "Exercice 36", "Exercice 36\Exercice 36.vcxproj", "{74EC4531-55F2-4504-90C1-FD59078DB3AA}"
EndProject
Project("{8BC9CEB8-8B4A-11D0-8D11-00A0C91BC942}") = "Les fonctions", "Les fonctions\Les fonctions.vcxproj", "{DA71FA3E-0267-4A37-8164-BB2DB701BAF0}"
EndProject
Project("{8BC9CEB8-8B4A-11D0-8D11-00A0C91BC942}") = "Exam intra oualid", "Exam intra oualid\Exam intra oualid.vcxproj", "{9E875753-4FF8-467A-A6E9-B36ADFF71494}"
EndProject
Project("{8BC9CEB8-8B4A-11D0-8D11-00A0C91BC942}") = "TpHugoOualid", "TpHugoOualid\TpHugoOualid.vcxproj", "{F06B7845-B18E-43B0-8771-0333864552B0}"
EndProject
Global
	GlobalSection(SolutionConfigurationPlatforms) = preSolution
		Debug|x64 = Debug|x64
		Debug|x86 = Debug|x86
		Release|x64 = Release|x64
		Release|x86 = Release|x86
	EndGlobalSection
	GlobalSection(ProjectConfigurationPlatforms) = postSolution
		{D363B9DD-BCE5-40A8-99E3-B97094F804DE}.Debug|x64.ActiveCfg = Debug|x64
		{D363B9DD-BCE5-40A8-99E3-B97094F804DE}.Debug|x64.Build.0 = Debug|x64
		{D363B9DD-BCE5-40A8-99E3-B97094F804DE}.Debug|x86.ActiveCfg = Debug|Win32
		{D363B9DD-BCE5-40A8-99E3-B97094F804DE}.Debug|x86.Build.0 = Debug|Win32
		{D363B9DD-BCE5-40A8-99E3-B97094F804DE}.Release|x64.ActiveCfg = Release|x64
		{D363B9DD-BCE5-40A8-99E3-B97094F804DE}.Release|x64.Build.0 = Release|x64
		{D363B9DD-BCE5-40A8-99E3-B97094F804DE}.Release|x86.ActiveCfg = Release|Win32
		{D363B9DD-BCE5-40A8-99E3-B97094F804DE}.Release|x86.Build.0 = Release|Win32
		{54CA121E-DD7A-4F9E-B822-791EE03F4FD2}.Debug|x64.ActiveCfg = Debug|x64
		{54CA121E-DD7A-4F9E-B822-791EE03F4FD2}.Debug|x64.Build.0 = Debug|x64
		{54CA121E-DD7A-4F9E-B822-791EE03F4FD2}.Debug|x86.ActiveCfg = Debug|Win32
		{54CA121E-DD7A-4F9E-B822-791EE03F4FD2}.Debug|x86.Build.0 = Debug|Win32
		{54CA121E-DD7A-4F9E-B822-791EE03F4FD2}.Release|x64.ActiveCfg = Release|x64
		{54CA121E-DD7A-4F9E-B822-791EE03F4FD2}.Release|x64.Build.0 = Release|x64
		{54CA121E-DD7A-4F9E-B822-791EE03F4FD2}.Release|x86.ActiveCfg = Release|Win32
		{54CA121E-DD7A-4F9E-B822-791EE03F4FD2}.Release|x86.Build.0 = Release|Win32
		{DE60E014-B893-4B19-B4A6-109B50403511}.Debug|x64.ActiveCfg = Debug|x64
		{DE60E014-B893-4B19-B4A6-109B50403511}.Debug|x64.Build.0 = Debug|x64
		{DE60E014-B893-4B19-B4A6-109B50403511}.Debug|x86.ActiveCfg = Debug|Win32
		{DE60E014-B893-4B19-B4A6-109B50403511}.Debug|x86.Build.0 = Debug|Win32
		{DE60E014-B893-4B19-B4A6-109B50403511}.Release|x64.ActiveCfg = Release|x64
		{DE60E014-B893-4B19-B4A6-109B50403511}.Release|x64.Build.0 = Release|x64
		{DE60E014-B893-4B19-B4A6-109B50403511}.Release|x86.ActiveCfg = Release|Win32
		{DE60E014-B893-4B19-B4A6-109B50403511}.Release|x86.Build.0 = Release|Win32
		{5E1B925F-0B5C-4ECA-9121-2A5F7153E822}.Debug|x64.ActiveCfg = Debug|x64
		{5E1B925F-0B5C-4ECA-9121-2A5F7153E822}.Debug|x64.Build.0 = Debug|x64
		{5E1B925F-0B5C-4ECA-9121-2A5F7153E822}.Debug|x86.ActiveCfg = Debug|Win32
		{5E1B925F-0B5C-4ECA-9121-2A5F7153E822}.Debug|x86.Build.0 = Debug|Win32
		{5E1B925F-0B5C-4ECA-9121-2A5F7153E822}.Release|x64.ActiveCfg = Release|x64
		{5E1B925F-0B5C-4ECA-9121-2A5F7153E822}.Release|x64.Build.0 = Release|x64
		{5E1B925F-0B5C-4ECA-9121-2A5F7153E822}.Release|x86.ActiveCfg = Release|Win32
		{5E1B925F-0B5C-4ECA-9121-2A5F7153E822}.Release|x86.Build.0 = Release|Win32
		{3D9E666A-74D7-4359-9011-938BB9906D0E}.Debug|x64.ActiveCfg = Debug|x64
		{3D9E666A-74D7-4359-9011-938BB9906D0E}.Debug|x64.Build.0 = Debug|x64
		{3D9E666A-74D7-4359-9011-938BB9906D0E}.Debug|x86.ActiveCfg = Debug|Win32
		{3D9E666A-74D7-4359-9011-938BB9906D0E}.Debug|x86.Build.0 = Debug|Win32
		{3D9E666A-74D7-4359-9011-938BB9906D0E}.Release|x64.ActiveCfg = Release|x64
		{3D9E666A-74D7-4359-9011-938BB9906D0E}.Release|x64.Build.0 = Release|x64
		{3D9E666A-74D7-4359-9011-938BB9906D0E}.Release|x86.ActiveCfg = Release|Win32
		{3D9E666A-74D7-4359-9011-938BB9906D0E}.Release|x86.Build.0 = Release|Win32
		{777DD83A-28C3-4FE3-815A-1175B48AED19}.Debug|x64.ActiveCfg = Debug|x64
		{777DD83A-28C3-4FE3-815A-1175B48AED19}.Debug|x64.Build.0 = Debug|x64
		{777DD83A-28C3-4FE3-815A-1175B48AED19}.Debug|x86.ActiveCfg = Debug|Win32
		{777DD83A-28C3-4FE3-815A-1175B48AED19}.Debug|x86.Build.0 = Debug|Win32
		{777DD83A-28C3-4FE3-815A-1175B48AED19}.Release|x64.ActiveCfg = Release|x64
		{777DD83A-28C3-4FE3-815A-1175B48AED19}.Release|x64.Build.0 = Release|x64
		{777DD83A-28C3-4FE3-815A-1175B48AED19}.Release|x86.ActiveCfg = Release|Win32
		{777DD83A-28C3-4FE3-815A-1175B48AED19}.Release|x86.Build.0 = Release|Win32
		{02D2D6FA-B775-42E1-BCD6-C28A490BD25F}.Debug|x64.ActiveCfg = Debug|x64
		{02D2D6FA-B775-42E1-BCD6-C28A490BD25F}.Debug|x64.Build.0 = Debug|x64
		{02D2D6FA-B775-42E1-BCD6-C28A490BD25F}.Debug|x86.ActiveCfg = Debug|Win32
		{02D2D6FA-B775-42E1-BCD6-C28A490BD25F}.Debug|x86.Build.0 = Debug|Win32
		{02D2D6FA-B775-42E1-BCD6-C28A490BD25F}.Release|x64.ActiveCfg = Release|x64
		{02D2D6FA-B775-42E1-BCD6-C28A490BD25F}.Release|x64.Build.0 = Release|x64
		{02D2D6FA-B775-42E1-BCD6-C28A490BD25F}.Release|x86.ActiveCfg = Release|Win32
		{02D2D6FA-B775-42E1-BCD6-C28A490BD25F}.Release|x86.Build.0 = Release|Win32
		{46B3F041-DD8A-42C1-874A-F5AE6730EA39}.Debug|x64.ActiveCfg = Debug|x64
		{46B3F041-DD8A-42C1-874A-F5AE6730EA39}.Debug|x64.Build.0 = Debug|x64
		{46B3F041-DD8A-42C1-874A-F5AE6730EA39}.Debug|x86.ActiveCfg = Debug|Win32
		{46B3F041-DD8A-42C1-874A-F5AE6730EA39}.Debug|x86.Build.0 = Debug|Win32
		{46B3F041-DD8A-42C1-874A-F5AE6730EA39}.Release|x64.ActiveCfg = Release|x64
		{46B3F041-DD8A-42C1-874A-F5AE6730EA39}.Release|x64.Build.0 = Release|x64
		{46B3F041-DD8A-42C1-874A-F5AE6730EA39}.Release|x86.ActiveCfg = Release|Win32
		{46B3F041-DD8A-42C1-874A-F5AE6730EA39}.Release|x86.Build.0 = Release|Win32
		{4939221B-6B8B-4273-87CB-F9598883E5CA}.Debug|x64.ActiveCfg = Debug|x64
		{4939221B-6B8B-4273-87CB-F9598883E5CA}.Debug|x64.Build.0 = Debug|x64
		{4939221B-6B8B-4273-87CB-F9598883E5CA}.Debug|x86.ActiveCfg = Debug|Win32
		{4939221B-6B8B-4273-87CB-F9598883E5CA}.Debug|x86.Build.0 = Debug|Win32
		{4939221B-6B8B-4273-87CB-F9598883E5CA}.Release|x64.ActiveCfg = Release|x64
		{4939221B-6B8B-4273-87CB-F9598883E5CA}.Release|x64.Build.0 = Release|x64
		{4939221B-6B8B-4273-87CB-F9598883E5CA}.Release|x86.ActiveCfg = Release|Win32
		{4939221B-6B8B-4273-87CB-F9598883E5CA}.Release|x86.Build.0 = Release|Win32
		{FAA688CB-244B-40A0-A12C-D24CC995CE89}.Debug|x64.ActiveCfg = Debug|x64
		{FAA688CB-244B-40A0-A12C-D24CC995CE89}.Debug|x64.Build.0 = Debug|x64
		{FAA688CB-244B-40A0-A12C-D24CC995CE89}.Debug|x86.ActiveCfg = Debug|Win32
		{FAA688CB-244B-40A0-A12C-D24CC995CE89}.Debug|x86.Build.0 = Debug|Win32
		{FAA688CB-244B-40A0-A12C-D24CC995CE89}.Release|x64.ActiveCfg = Release|x64
		{FAA688CB-244B-40A0-A12C-D24CC995CE89}.Release|x64.Build.0 = Release|x64
		{FAA688CB-244B-40A0-A12C-D24CC995CE89}.Release|x86.ActiveCfg = Release|Win32
		{FAA688CB-244B-40A0-A12C-D24CC995CE89}.Release|x86.Build.0 = Release|Win32
		{2DC59140-B8D0-45C2-BEB7-5FE905E4F0D9}.Debug|x64.ActiveCfg = Debug|x64
		{2DC59140-B8D0-45C2-BEB7-5FE905E4F0D9}.Debug|x64.Build.0 = Debug|x64
		{2DC59140-B8D0-45C2-BEB7-5FE905E4F0D9}.Debug|x86.ActiveCfg = Debug|Win32
		{2DC59140-B8D0-45C2-BEB7-5FE905E4F0D9}.Debug|x86.Build.0 = Debug|Win32
		{2DC59140-B8D0-45C2-BEB7-5FE905E4F0D9}.Release|x64.ActiveCfg = Release|x64
		{2DC59140-B8D0-45C2-BEB7-5FE905E4F0D9}.Release|x64.Build.0 = Release|x64
		{2DC59140-B8D0-45C2-BEB7-5FE905E4F0D9}.Release|x86.ActiveCfg = Release|Win32
		{2DC59140-B8D0-45C2-BEB7-5FE905E4F0D9}.Release|x86.Build.0 = Release|Win32
		{606C3ADF-CF89-431F-B099-5978D7CA4931}.Debug|x64.ActiveCfg = Debug|x64
		{606C3ADF-CF89-431F-B099-5978D7CA4931}.Debug|x64.Build.0 = Debug|x64
		{606C3ADF-CF89-431F-B099-5978D7CA4931}.Debug|x86.ActiveCfg = Debug|Win32
		{606C3ADF-CF89-431F-B099-5978D7CA4931}.Debug|x86.Build.0 = Debug|Win32
		{606C3ADF-CF89-431F-B099-5978D7CA4931}.Release|x64.ActiveCfg = Release|x64
		{606C3ADF-CF89-431F-B099-5978D7CA4931}.Release|x64.Build.0 = Release|x64
		{606C3ADF-CF89-431F-B099-5978D7CA4931}.Release|x86.ActiveCfg = Release|Win32
		{606C3ADF-CF89-431F-B099-5978D7CA4931}.Release|x86.Build.0 = Release|Win32
		{3167EC1A-5D43-42D7-A2E0-02F6118AD08C}.Debug|x64.ActiveCfg = Debug|x64
		{3167EC1A-5D43-42D7-A2E0-02F6118AD08C}.Debug|x64.Build.0 = Debug|x64
		{3167EC1A-5D43-42D7-A2E0-02F6118AD08C}.Debug|x86.ActiveCfg = Debug|Win32
		{3167EC1A-5D43-42D7-A2E0-02F6118AD08C}.Debug|x86.Build.0 = Debug|Win32
		{3167EC1A-5D43-42D7-A2E0-02F6118AD08C}.Release|x64.ActiveCfg = Release|x64
		{3167EC1A-5D43-42D7-A2E0-02F6118AD08C}.Release|x64.Build.0 = Release|x64
		{3167EC1A-5D43-42D7-A2E0-02F6118AD08C}.Release|x86.ActiveCfg = Release|Win32
		{3167EC1A-5D43-42D7-A2E0-02F6118AD08C}.Release|x86.Build.0 = Release|Win32
		{74EC4531-55F2-4504-90C1-FD59078DB3AA}.Debug|x64.ActiveCfg = Debug|x64
		{74EC4531-55F2-4504-90C1-FD59078DB3AA}.Debug|x64.Build.0 = Debug|x64
		{74EC4531-55F2-4504-90C1-FD59078DB3AA}.Debug|x86.ActiveCfg = Debug|Win32
		{74EC4531-55F2-4504-90C1-FD59078DB3AA}.Debug|x86.Build.0 = Debug|Win32
		{74EC4531-55F2-4504-90C1-FD59078DB3AA}.Release|x64.ActiveCfg = Release|x64
		{74EC4531-55F2-4504-90C1-FD59078DB3AA}.Release|x64.Build.0 = Release|x64
		{74EC4531-55F2-4504-90C1-FD59078DB3AA}.Release|x86.ActiveCfg = Release|Win32
		{74EC4531-55F2-4504-90C1-FD59078DB3AA}.Release|x86.Build.0 = Release|Win32
		{DA71FA3E-0267-4A37-8164-BB2DB701BAF0}.Debug|x64.ActiveCfg = Debug|x64
		{DA71FA3E-0267-4A37-8164-BB2DB701BAF0}.Debug|x64.Build.0 = Debug|x64
		{DA71FA3E-0267-4A37-8164-BB2DB701BAF0}.Debug|x86.ActiveCfg = Debug|Win32
		{DA71FA3E-0267-4A37-8164-BB2DB701BAF0}.Debug|x86.Build.0 = Debug|Win32
		{DA71FA3E-0267-4A37-8164-BB2DB701BAF0}.Release|x64.ActiveCfg = Release|x64
		{DA71FA3E-0267-4A37-8164-BB2DB701BAF0}.Release|x64.Build.0 = Release|x64
		{DA71FA3E-0267-4A37-8164-BB2DB701BAF0}.Release|x86.ActiveCfg = Release|Win32
		{DA71FA3E-0267-4A37-8164-BB2DB701BAF0}.Release|x86.Build.0 = Release|Win32
		{9E875753-4FF8-467A-A6E9-B36ADFF71494}.Debug|x64.ActiveCfg = Debug|x64
		{9E875753-4FF8-467A-A6E9-B36ADFF71494}.Debug|x64.Build.0 = Debug|x64
		{9E875753-4FF8-467A-A6E9-B36ADFF71494}.Debug|x86.ActiveCfg = Debug|Win32
		{9E875753-4FF8-467A-A6E9-B36ADFF71494}.Debug|x86.Build.0 = Debug|Win32
		{9E875753-4FF8-467A-A6E9-B36ADFF71494}.Release|x64.ActiveCfg = Release|x64
		{9E875753-4FF8-467A-A6E9-B36ADFF71494}.Release|x64.Build.0 = Release|x64
		{9E875753-4FF8-467A-A6E9-B36ADFF71494}.Release|x86.ActiveCfg = Release|Win32
		{9E875753-4FF8-467A-A6E9-B36ADFF71494}.Release|x86.Build.0 = Release|Win32
		{F06B7845-B18E-43B0-8771-0333864552B0}.Debug|x64.ActiveCfg = Debug|x64
		{F06B7845-B18E-43B0-8771-0333864552B0}.Debug|x64.Build.0 = Debug|x64
		{F06B7845-B18E-43B0-8771-0333864552B0}.Debug|x86.ActiveCfg = Debug|Win32
		{F06B7845-B18E-43B0-8771-0333864552B0}.Debug|x86.Build.0 = Debug|Win32
		{F06B7845-B18E-43B0-8771-0333864552B0}.Release|x64.ActiveCfg = Release|x64
		{F06B7845-B18E-43B0-8771-0333864552B0}.Release|x64.Build.0 = Release|x64
		{F06B7845-B18E-43B0-8771-0333864552B0}.Release|x86.ActiveCfg = Release|Win32
		{F06B7845-B18E-43B0-8771-0333864552B0}.Release|x86.Build.0 = Release|Win32
	EndGlobalSection
	GlobalSection(SolutionProperties) = preSolution
		HideSolutionNode = FALSE
	EndGlobalSection
EndGlobal
